
Microsoft Visual Studio Solution File, Format Version 12.00
# Visual Studio Version 16
VisualStudioVersion = 16.0.29209.62
MinimumVisualStudioVersion = 10.0.40219.1
Project("{FAE04EC0-301F-11D3-BF4B-00C04F79EFBC}") = "MilitaryUnit", "MilitaryUnit\MilitaryUnit.csproj", "{0E95ABEE-2C94-4485-A424-EE522013CBED}"
EndProject
Global
	GlobalSection(SolutionConfigurationPlatforms) = preSolution
		Debug|Any CPU = Debug|Any CPU
		Release|Any CPU = Release|Any CPU
	EndGlobalSection
	GlobalSection(ProjectConfigurationPlatforms) = postSolution
		{0E95ABEE-2C94-4485-A424-EE522013CBED}.Debug|Any CPU.ActiveCfg = Debug|Any CPU
		{0E95ABEE-2C94-4485-A424-EE522013CBED}.Debug|Any CPU.Build.0 = Debug|Any CPU
		{0E95ABEE-2C94-4485-A424-EE522013CBED}.Release|Any CPU.ActiveCfg = Release|Any CPU
		{0E95ABEE-2C94-4485-A424-EE522013CBED}.Release|Any CPU.Build.0 = Release|Any CPU
	EndGlobalSection
	GlobalSection(SolutionProperties) = preSolution
		HideSolutionNode = FALSE
	EndGlobalSection
	GlobalSection(ExtensibilityGlobals) = postSolution
		SolutionGuid = {4FA0F0C1-6141-453E-96EC-09435C5374FB}
	EndGlobalSection
EndGlobal
