
Microsoft Visual Studio Solution File, Format Version 12.00
# Visual Studio Version 16
VisualStudioVersion = 16.0.29201.188
MinimumVisualStudioVersion = 10.0.40219.1
Project("{FAE04EC0-301F-11D3-BF4B-00C04F79EFBC}") = "Consoleinheritance", "Consoleinheritance\Consoleinheritance.csproj", "{04A47E5D-71A0-4FD1-994F-217D77EF9852}"
EndProject
Global
	GlobalSection(SolutionConfigurationPlatforms) = preSolution
		Debug|Any CPU = Debug|Any CPU
		Release|Any CPU = Release|Any CPU
	EndGlobalSection
	GlobalSection(ProjectConfigurationPlatforms) = postSolution
		{04A47E5D-71A0-4FD1-994F-217D77EF9852}.Debug|Any CPU.ActiveCfg = Debug|Any CPU
		{04A47E5D-71A0-4FD1-994F-217D77EF9852}.Debug|Any CPU.Build.0 = Debug|Any CPU
		{04A47E5D-71A0-4FD1-994F-217D77EF9852}.Release|Any CPU.ActiveCfg = Release|Any CPU
		{04A47E5D-71A0-4FD1-994F-217D77EF9852}.Release|Any CPU.Build.0 = Release|Any CPU
	EndGlobalSection
	GlobalSection(SolutionProperties) = preSolution
		HideSolutionNode = FALSE
	EndGlobalSection
	GlobalSection(ExtensibilityGlobals) = postSolution
		SolutionGuid = {28FBA6AA-713B-4BB2-A47D-64776B61F461}
	EndGlobalSection
EndGlobal
