
Microsoft Visual Studio Solution File, Format Version 12.00
# Visual Studio Version 16
VisualStudioVersion = 16.0.29209.62
MinimumVisualStudioVersion = 10.0.40219.1
Project("{9A19103F-16F7-4668-BE54-9A1E7A4F7556}") = "ConsoleApp2", "ConsoleApp2\ConsoleApp2.csproj", "{B03F45DB-4083-489D-9EB9-5434DAE71BFE}"
EndProject
Project("{9A19103F-16F7-4668-BE54-9A1E7A4F7556}") = "CsAst", "ClassLibrary1\CsAst.csproj", "{51338C21-68EA-4A68-8155-87B69E91D555}"
EndProject
Project("{FAE04EC0-301F-11D3-BF4B-00C04F79EFBC}") = "UnitTestProject1", "UnitTestProject1\UnitTestProject1.csproj", "{C2A28187-A0BE-487A-89DB-65F8FD4942DE}"
EndProject
Global
	GlobalSection(SolutionConfigurationPlatforms) = preSolution
		Debug|Any CPU = Debug|Any CPU
		Release|Any CPU = Release|Any CPU
	EndGlobalSection
	GlobalSection(ProjectConfigurationPlatforms) = postSolution
		{B03F45DB-4083-489D-9EB9-5434DAE71BFE}.Debug|Any CPU.ActiveCfg = Debug|Any CPU
		{B03F45DB-4083-489D-9EB9-5434DAE71BFE}.Debug|Any CPU.Build.0 = Debug|Any CPU
		{B03F45DB-4083-489D-9EB9-5434DAE71BFE}.Release|Any CPU.ActiveCfg = Release|Any CPU
		{B03F45DB-4083-489D-9EB9-5434DAE71BFE}.Release|Any CPU.Build.0 = Release|Any CPU
		{51338C21-68EA-4A68-8155-87B69E91D555}.Debug|Any CPU.ActiveCfg = Debug|Any CPU
		{51338C21-68EA-4A68-8155-87B69E91D555}.Debug|Any CPU.Build.0 = Debug|Any CPU
		{51338C21-68EA-4A68-8155-87B69E91D555}.Release|Any CPU.ActiveCfg = Release|Any CPU
		{51338C21-68EA-4A68-8155-87B69E91D555}.Release|Any CPU.Build.0 = Release|Any CPU
		{C2A28187-A0BE-487A-89DB-65F8FD4942DE}.Debug|Any CPU.ActiveCfg = Debug|Any CPU
		{C2A28187-A0BE-487A-89DB-65F8FD4942DE}.Debug|Any CPU.Build.0 = Debug|Any CPU
		{C2A28187-A0BE-487A-89DB-65F8FD4942DE}.Release|Any CPU.ActiveCfg = Release|Any CPU
		{C2A28187-A0BE-487A-89DB-65F8FD4942DE}.Release|Any CPU.Build.0 = Release|Any CPU
	EndGlobalSection
	GlobalSection(SolutionProperties) = preSolution
		HideSolutionNode = FALSE
	EndGlobalSection
	GlobalSection(ExtensibilityGlobals) = postSolution
		SolutionGuid = {BF40B8C1-DFEB-4E8C-A758-9E943691593D}
	EndGlobalSection
EndGlobal
