
Microsoft Visual Studio Solution File, Format Version 12.00
# Visual Studio Version 16
VisualStudioVersion = 16.0.29215.179
MinimumVisualStudioVersion = 10.0.40219.1
Project("{9A19103F-16F7-4668-BE54-9A1E7A4F7556}") = "LINQ", "LINQ\LINQ.csproj", "{30EFCEC8-2942-4CEF-B64C-2585BF30EBE3}"
EndProject
Project("{9A19103F-16F7-4668-BE54-9A1E7A4F7556}") = "Students", "Students\Students.csproj", "{DC3DDF60-88C6-4F91-88AE-57D1FEB9A054}"
EndProject
Project("{9A19103F-16F7-4668-BE54-9A1E7A4F7556}") = "TakeSkip", "TakeSkip\TakeSkip.csproj", "{D8212503-9603-4E78-8067-5173A8F6A992}"
EndProject
Project("{9A19103F-16F7-4668-BE54-9A1E7A4F7556}") = "Conversion", "Conversion\Conversion.csproj", "{31580229-F6CE-48FB-8C0B-871174AB8F44}"
EndProject
Project("{FAE04EC0-301F-11D3-BF4B-00C04F79EFBC}") = "Select", "Select\Select.csproj", "{EE3EC198-6B2F-4EDC-8F51-957EC1BEB8C2}"
EndProject
Global
	GlobalSection(SolutionConfigurationPlatforms) = preSolution
		Debug|Any CPU = Debug|Any CPU
		Release|Any CPU = Release|Any CPU
	EndGlobalSection
	GlobalSection(ProjectConfigurationPlatforms) = postSolution
		{30EFCEC8-2942-4CEF-B64C-2585BF30EBE3}.Debug|Any CPU.ActiveCfg = Debug|Any CPU
		{30EFCEC8-2942-4CEF-B64C-2585BF30EBE3}.Debug|Any CPU.Build.0 = Debug|Any CPU
		{30EFCEC8-2942-4CEF-B64C-2585BF30EBE3}.Release|Any CPU.ActiveCfg = Release|Any CPU
		{30EFCEC8-2942-4CEF-B64C-2585BF30EBE3}.Release|Any CPU.Build.0 = Release|Any CPU
		{DC3DDF60-88C6-4F91-88AE-57D1FEB9A054}.Debug|Any CPU.ActiveCfg = Debug|Any CPU
		{DC3DDF60-88C6-4F91-88AE-57D1FEB9A054}.Debug|Any CPU.Build.0 = Debug|Any CPU
		{DC3DDF60-88C6-4F91-88AE-57D1FEB9A054}.Release|Any CPU.ActiveCfg = Release|Any CPU
		{DC3DDF60-88C6-4F91-88AE-57D1FEB9A054}.Release|Any CPU.Build.0 = Release|Any CPU
		{D8212503-9603-4E78-8067-5173A8F6A992}.Debug|Any CPU.ActiveCfg = Debug|Any CPU
		{D8212503-9603-4E78-8067-5173A8F6A992}.Debug|Any CPU.Build.0 = Debug|Any CPU
		{D8212503-9603-4E78-8067-5173A8F6A992}.Release|Any CPU.ActiveCfg = Release|Any CPU
		{D8212503-9603-4E78-8067-5173A8F6A992}.Release|Any CPU.Build.0 = Release|Any CPU
		{31580229-F6CE-48FB-8C0B-871174AB8F44}.Debug|Any CPU.ActiveCfg = Debug|Any CPU
		{31580229-F6CE-48FB-8C0B-871174AB8F44}.Debug|Any CPU.Build.0 = Debug|Any CPU
		{31580229-F6CE-48FB-8C0B-871174AB8F44}.Release|Any CPU.ActiveCfg = Release|Any CPU
		{31580229-F6CE-48FB-8C0B-871174AB8F44}.Release|Any CPU.Build.0 = Release|Any CPU
		{EE3EC198-6B2F-4EDC-8F51-957EC1BEB8C2}.Debug|Any CPU.ActiveCfg = Debug|Any CPU
		{EE3EC198-6B2F-4EDC-8F51-957EC1BEB8C2}.Debug|Any CPU.Build.0 = Debug|Any CPU
		{EE3EC198-6B2F-4EDC-8F51-957EC1BEB8C2}.Release|Any CPU.ActiveCfg = Release|Any CPU
		{EE3EC198-6B2F-4EDC-8F51-957EC1BEB8C2}.Release|Any CPU.Build.0 = Release|Any CPU
	EndGlobalSection
	GlobalSection(SolutionProperties) = preSolution
		HideSolutionNode = FALSE
	EndGlobalSection
	GlobalSection(ExtensibilityGlobals) = postSolution
		SolutionGuid = {F845CF1A-36CF-41C3-8EB5-8BFE9E3B49E7}
	EndGlobalSection
EndGlobal
